
Microsoft Visual Studio Solution File, Format Version 12.00
# Visual Studio Version 16
VisualStudioVersion = 16.0.30717.126
MinimumVisualStudioVersion = 10.0.40219.1
Project("{FAE04EC0-301F-11D3-BF4B-00C04F79EFBC}") = "MyExampleWkhtml", "MyExampleWkhtml\MyExampleWkhtml.csproj", "{1819B68E-E4AE-4CED-B9A1-3DDCC664081B}"
EndProject
Global
	GlobalSection(SolutionConfigurationPlatforms) = preSolution
		Debug|Any CPU = Debug|Any CPU
		Release|Any CPU = Release|Any CPU
	EndGlobalSection
	GlobalSection(ProjectConfigurationPlatforms) = postSolution
		{1819B68E-E4AE-4CED-B9A1-3DDCC664081B}.Debug|Any CPU.ActiveCfg = Debug|Any CPU
		{1819B68E-E4AE-4CED-B9A1-3DDCC664081B}.Debug|Any CPU.Build.0 = Debug|Any CPU
		{1819B68E-E4AE-4CED-B9A1-3DDCC664081B}.Release|Any CPU.ActiveCfg = Release|Any CPU
		{1819B68E-E4AE-4CED-B9A1-3DDCC664081B}.Release|Any CPU.Build.0 = Release|Any CPU
	EndGlobalSection
	GlobalSection(SolutionProperties) = preSolution
		HideSolutionNode = FALSE
	EndGlobalSection
	GlobalSection(ExtensibilityGlobals) = postSolution
		SolutionGuid = {0927E60D-5EFA-462F-BA18-D66E67B65117}
	EndGlobalSection
EndGlobal
